Microsoft Visual Studio Solution File, Format Version 12.00
# Visual Studio Version 17
VisualStudioVersion = 17.5.2.0
MinimumVisualStudioVersion = 10.0.40219.1
Project("{2150E333-8FDC-42A3-9474-1A3956D46DE8}") = "Project253E01", "Project253E01", "{60BA3C82-09D2-21E9-14C4-F549289CAF13}"
EndProject
Project("{2150E333-8FDC-42A3-9474-1A3956D46DE8}") = "src253E01", "src253E01", "{698AF3EB-4725-F776-3620-C459062EF9D8}"
EndProject
Project("{FAE04EC0-301F-11D3-BF4B-00C04F79EFBC}") = "Application253E01", "Project253E01\src253E01\Application253E01\Application253E01.csproj", "{9E6B2825-B121-F0CF-A54C-535199089C32}"
EndProject
Project("{FAE04EC0-301F-11D3-BF4B-00C04F79EFBC}") = "ConsoleApp253E01", "Project253E01\src253E01\ConsoleApp253E01\ConsoleApp253E01.csproj", "{AB7A5DFD-88A7-B029-BF13-27EB871EF7A0}"
EndProject
Project("{FAE04EC0-301F-11D3-BF4B-00C04F79EFBC}") = "ConsoleUI", "Project253E01\src253E01\ConsoleUI\ConsoleUI.csproj", "{834C6CF8-1EDF-9DE8-A4E1-E69F505DB79F}"
EndProject
Project("{FAE04EC0-301F-11D3-BF4B-00C04F79EFBC}") = "WebApp253E01", "Project253E01\src253E01\WebApp253E01\WebApp253E01.csproj", "{DCD58027-C519-4FFD-31BE-7AA5DE9C4FF7}"
EndProject
Project("{2150E333-8FDC-42A3-9474-1A3956D46DE8}") = "test", "test", "{5FDBB412-7F0B-FFA8-91A5-88A5F7E17EF8}"
EndProject
Project("{FAE04EC0-301F-11D3-BF4B-00C04F79EFBC}") = "Application.IntegrationTest", "Project253E01\test\Application.IntegrationTest\Application.IntegrationTest.csproj", "{5E01596A-F249-D762-DFE6-CC17958092DC}"
EndProject
Project("{FAE04EC0-301F-11D3-BF4B-00C04F79EFBC}") = "Application.UnitTest", "Project253E01\test\Application.UnitTest\Application.UnitTest.csproj", "{213300B0-ADBD-871C-0434-54741DAE27A7}"
EndProject
Global
	GlobalSection(SolutionConfigurationPlatforms) = preSolution
		Debug|Any CPU = Debug|Any CPU
		Release|Any CPU = Release|Any CPU
	EndGlobalSection
	GlobalSection(ProjectConfigurationPlatforms) = postSolution
		{9E6B2825-B121-F0CF-A54C-535199089C32}.Debug|Any CPU.ActiveCfg = Debug|Any CPU
		{9E6B2825-B121-F0CF-A54C-535199089C32}.Debug|Any CPU.Build.0 = Debug|Any CPU
		{9E6B2825-B121-F0CF-A54C-535199089C32}.Release|Any CPU.ActiveCfg = Release|Any CPU
		{9E6B2825-B121-F0CF-A54C-535199089C32}.Release|Any CPU.Build.0 = Release|Any CPU
		{AB7A5DFD-88A7-B029-BF13-27EB871EF7A0}.Debug|Any CPU.ActiveCfg = Debug|Any CPU
		{AB7A5DFD-88A7-B029-BF13-27EB871EF7A0}.Debug|Any CPU.Build.0 = Debug|Any CPU
		{AB7A5DFD-88A7-B029-BF13-27EB871EF7A0}.Release|Any CPU.ActiveCfg = Release|Any CPU
		{AB7A5DFD-88A7-B029-BF13-27EB871EF7A0}.Release|Any CPU.Build.0 = Release|Any CPU
		{834C6CF8-1EDF-9DE8-A4E1-E69F505DB79F}.Debug|Any CPU.ActiveCfg = Debug|Any CPU
		{834C6CF8-1EDF-9DE8-A4E1-E69F505DB79F}.Debug|Any CPU.Build.0 = Debug|Any CPU
		{834C6CF8-1EDF-9DE8-A4E1-E69F505DB79F}.Release|Any CPU.ActiveCfg = Release|Any CPU
		{834C6CF8-1EDF-9DE8-A4E1-E69F505DB79F}.Release|Any CPU.Build.0 = Release|Any CPU
		{DCD58027-C519-4FFD-31BE-7AA5DE9C4FF7}.Debug|Any CPU.ActiveCfg = Debug|Any CPU
		{DCD58027-C519-4FFD-31BE-7AA5DE9C4FF7}.Debug|Any CPU.Build.0 = Debug|Any CPU
		{DCD58027-C519-4FFD-31BE-7AA5DE9C4FF7}.Release|Any CPU.ActiveCfg = Release|Any CPU
		{DCD58027-C519-4FFD-31BE-7AA5DE9C4FF7}.Release|Any CPU.Build.0 = Release|Any CPU
		{5E01596A-F249-D762-DFE6-CC17958092DC}.Debug|Any CPU.ActiveCfg = Debug|Any CPU
		{5E01596A-F249-D762-DFE6-CC17958092DC}.Debug|Any CPU.Build.0 = Debug|Any CPU
		{5E01596A-F249-D762-DFE6-CC17958092DC}.Release|Any CPU.ActiveCfg = Release|Any CPU
		{5E01596A-F249-D762-DFE6-CC17958092DC}.Release|Any CPU.Build.0 = Release|Any CPU
		{213300B0-ADBD-871C-0434-54741DAE27A7}.Debug|Any CPU.ActiveCfg = Debug|Any CPU
		{213300B0-ADBD-871C-0434-54741DAE27A7}.Debug|Any CPU.Build.0 = Debug|Any CPU
		{213300B0-ADBD-871C-0434-54741DAE27A7}.Release|Any CPU.ActiveCfg = Release|Any CPU
		{213300B0-ADBD-871C-0434-54741DAE27A7}.Release|Any CPU.Build.0 = Release|Any CPU
	EndGlobalSection
	GlobalSection(SolutionProperties) = preSolution
		HideSolutionNode = FALSE
	EndGlobalSection
	GlobalSection(NestedProjects) = preSolution
		{698AF3EB-4725-F776-3620-C459062EF9D8} = {60BA3C82-09D2-21E9-14C4-F549289CAF13}
		{9E6B2825-B121-F0CF-A54C-535199089C32} = {698AF3EB-4725-F776-3620-C459062EF9D8}
		{AB7A5DFD-88A7-B029-BF13-27EB871EF7A0} = {698AF3EB-4725-F776-3620-C459062EF9D8}
		{834C6CF8-1EDF-9DE8-A4E1-E69F505DB79F} = {698AF3EB-4725-F776-3620-C459062EF9D8}
		{DCD58027-C519-4FFD-31BE-7AA5DE9C4FF7} = {698AF3EB-4725-F776-3620-C459062EF9D8}
		{5FDBB412-7F0B-FFA8-91A5-88A5F7E17EF8} = {60BA3C82-09D2-21E9-14C4-F549289CAF13}
		{5E01596A-F249-D762-DFE6-CC17958092DC} = {5FDBB412-7F0B-FFA8-91A5-88A5F7E17EF8}
		{213300B0-ADBD-871C-0434-54741DAE27A7} = {5FDBB412-7F0B-FFA8-91A5-88A5F7E17EF8}
	EndGlobalSection
	GlobalSection(ExtensibilityGlobals) = postSolution
		SolutionGuid = {4B95B276-A550-47B2-BF46-54CB3689A1D4}
	EndGlobalSection
EndGlobal
